// !$*UTF8*$!
{
	archiveVersion = 1;
	classes = {
	};
	objectVersion = 50;
	objects = {

/* Begin PBXBuildFile section */
		ECC8228D2269C987008222E1 /* AppDelegate.swift in Sources */ = {isa = PBXBuildFile; fileRef = ECC8228C2269C987008222E1 /* AppDelegate.swift */; };
		ECC8228F2269C987008222E1 /* ViewController.swift in Sources */ = {isa = PBXBuildFile; fileRef = ECC8228E2269C987008222E1 /* ViewController.swift */; };
		ECC822922269C987008222E1 /* Main.storyboard in Resources */ = {isa = PBXBuildFile; fileRef = ECC822902269C987008222E1 /* Main.storyboard */; };
		ECC822952269C987008222E1 /* HealthyLifeStyle.xcdatamodeld in Sources */ = {isa = PBXBuildFile; fileRef = ECC822932269C987008222E1 /* HealthyLifeStyle.xcdatamodeld */; };
		ECC822972269C989008222E1 /* Assets.xcassets in Resources */ = {isa = PBXBuildFile; fileRef = ECC822962269C989008222E1 /* Assets.xcassets */; };
		ECC8229A2269C989008222E1 /* LaunchScreen.storyboard in Resources */ = {isa = PBXBuildFile; fileRef = ECC822982269C989008222E1 /* LaunchScreen.storyboard */; };
		ECC822A52269C989008222E1 /* HealthyLifeStyleTests.swift in Sources */ = {isa = PBXBuildFile; fileRef = ECC822A42269C989008222E1 /* HealthyLifeStyleTests.swift */; };
		ECC822B02269C989008222E1 /* HealthyLifeStyleUITests.swift in Sources */ = {isa = PBXBuildFile; fileRef = ECC822AF2269C989008222E1 /* HealthyLifeStyleUITests.swift */; };
/* End PBXBuildFile section */

/* Begin PBXContainerItemProxy section */
		ECC822A12269C989008222E1 /* PBXContainerItemProxy */ = {
			isa = PBXContainerItemProxy;
			containerPortal = ECC822812269C987008222E1 /* Project object */;
			proxyType = 1;
			remoteGlobalIDString = ECC822882269C987008222E1;
			remoteInfo = HealthyLifeStyle;
		};
		ECC822AC2269C989008222E1 /* PBXContainerItemProxy */ = {
			isa = PBXContainerItemProxy;
			containerPortal = ECC822812269C987008222E1 /* Project object */;
			proxyType = 1;
			remoteGlobalIDString = ECC822882269C987008222E1;
			remoteInfo = HealthyLifeStyle;
		};
/* End PBXContainerItemProxy section */

/* Begin PBXFileReference section */
		ECC822892269C987008222E1 /* HealthyLifeStyle.app */ = {isa = PBXFileReference; explicitFileType = wrapper.application; includeInIndex = 0; path = HealthyLifeStyle.app; sourceTree = BUILT_PRODUCTS_DIR; };
		ECC8228C2269C987008222E1 /* AppDelegate.swift */ = {isa = PBXFileReference; lastKnownFileType = sourcecode.swift; path = AppDelegate.swift; sourceTree = "<group>"; };
		ECC8228E2269C987008222E1 /* ViewController.swift */ = {isa = PBXFileReference; lastKnownFileType = sourcecode.swift; path = ViewController.swift; sourceTree = "<group>"; };
		ECC822912269C987008222E1 /* Base */ = {isa = PBXFileReference; lastKnownFileType = file.storyboard; name = Base; path = Base.lproj/Main.storyboard; sourceTree = "<group>"; };
		ECC822942269C987008222E1 /* HealthyLifeStyle.xcdatamodel */ = {isa = PBXFileReference; lastKnownFileType = wrapper.xcdatamodel; path = HealthyLifeStyle.xcdatamodel; sourceTree = "<group>"; };
		ECC822962269C989008222E1 /* Assets.xcassets */ = {isa = PBXFileReference; lastKnownFileType = folder.assetcatalog; path = Assets.xcassets; sourceTree = "<group>"; };
		ECC822992269C989008222E1 /* Base */ = {isa = PBXFileReference; lastKnownFileType = file.storyboard; name = Base; path = Base.lproj/LaunchScreen.storyboard; sourceTree = "<group>"; };
		ECC8229B2269C989008222E1 /* Info.plist */ = {isa = PBXFileReference; lastKnownFileType = text.plist.xml; path = Info.plist; sourceTree = "<group>"; };
		ECC822A02269C989008222E1 /* HealthyLifeStyleTests.xctest */ = {isa = PBXFileReference; explicitFileType = wrapper.cfbundle; includeInIndex = 0; path = HealthyLifeStyleTests.xctest; sourceTree = BUILT_PRODUCTS_DIR; };
		ECC822A42269C989008222E1 /* HealthyLifeStyleTests.swift */ = {isa = PBXFileReference; lastKnownFileType = sourcecode.swift; path = HealthyLifeStyleTests.swift; sourceTree = "<group>"; };
		ECC822A62269C989008222E1 /* Info.plist */ = {isa = PBXFileReference; lastKnownFileType = text.plist.xml; path = Info.plist; sourceTree = "<group>"; };
		ECC822AB2269C989008222E1 /* HealthyLifeStyleUITests.xctest */ = {isa = PBXFileReference; explicitFileType = wrapper.cfbundle; includeInIndex = 0; path = HealthyLifeStyleUITests.xctest; sourceTree = BUILT_PRODUCTS_DIR; };
		ECC822AF2269C989008222E1 /* HealthyLifeStyleUITests.swift */ = {isa = PBXFileReference; lastKnownFileType = sourcecode.swift; path = HealthyLifeStyleUITests.swift; sourceTree = "<group>"; };
		ECC822B12269C989008222E1 /* Info.plist */ = {isa = PBXFileReference; lastKnownFileType = text.plist.xml; path = Info.plist; sourceTree = "<group>"; };
/* End PBXFileReference section */

/* Begin PBXFrameworksBuildPhase section */
		ECC822862269C987008222E1 /* Frameworks */ = {
			isa = PBXFrameworksBuildPhase;
			buildActionMask = 2147483647;
			files = (
			);
			runOnlyForDeploymentPostprocessing = 0;
		};
		ECC8229D2269C989008222E1 /* Frameworks */ = {
			isa = PBXFrameworksBuildPhase;
			buildActionMask = 2147483647;
			files = (
			);
			runOnlyForDeploymentPostprocessing = 0;
		};
		ECC822A82269C989008222E1 /* Frameworks */ = {
			isa = PBXFrameworksBuildPhase;
			buildActionMask = 2147483647;
			files = (
			);
			runOnlyForDeploymentPostprocessing = 0;
		};
/* End PBXFrameworksBuildPhase section */

/* Begin PBXGroup section */
		ECC822802269C987008222E1 = {
			isa = PBXGroup;
			children = (
				ECC8228B2269C987008222E1 /* HealthyLifeStyle */,
				ECC822A32269C989008222E1 /* HealthyLifeStyleTests */,
				ECC822AE2269C989008222E1 /* HealthyLifeStyleUITests */,
				ECC8228A2269C987008222E1 /* Products */,
			);
			sourceTree = "<group>";
		};
		ECC8228A2269C987008222E1 /* Products */ = {
			isa = PBXGroup;
			children = (
				ECC822892269C987008222E1 /* HealthyLifeStyle.app */,
				ECC822A02269C989008222E1 /* HealthyLifeStyleTests.xctest */,
				ECC822AB2269C989008222E1 /* HealthyLifeStyleUITests.xctest */,
			);
			name = Products;
			sourceTree = "<group>";
		};
		ECC8228B2269C987008222E1 /* HealthyLifeStyle */ = {
			isa = PBXGroup;
			children = (
				ECC8228C2269C987008222E1 /* AppDelegate.swift */,
				ECC8228E2269C987008222E1 /* ViewController.swift */,
				ECC822902269C987008222E1 /* Main.storyboard */,
				ECC822962269C989008222E1 /* Assets.xcassets */,
				ECC822982269C989008222E1 /* LaunchScreen.storyboard */,
				ECC8229B2269C989008222E1 /* Info.plist */,
				ECC822932269C987008222E1 /* HealthyLifeStyle.xcdatamodeld */,
			);
			path = HealthyLifeStyle;
			sourceTree = "<group>";
		};
		ECC822A32269C989008222E1 /* HealthyLifeStyleTests */ = {
			isa = PBXGroup;
			children = (
				ECC822A42269C989008222E1 /* HealthyLifeStyleTests.swift */,
				ECC822A62269C989008222E1 /* Info.plist */,
			);
			path = HealthyLifeStyleTests;
			sourceTree = "<group>";
		};
		ECC822AE2269C989008222E1 /* HealthyLifeStyleUITests */ = {
			isa = PBXGroup;
			children = (
				ECC822AF2269C989008222E1 /* HealthyLifeStyleUITests.swift */,
				ECC822B12269C989008222E1 /* Info.plist */,
			);
			path = HealthyLifeStyleUITests;
			sourceTree = "<group>";
		};
/* End PBXGroup section */

/* Begin PBXNativeTarget section */
		ECC822882269C987008222E1 /* HealthyLifeStyle */ = {
			isa = PBXNativeTarget;
			buildConfigurationList = ECC822B42269C989008222E1 /* Build configuration list for PBXNativeTarget "HealthyLifeStyle" */;
			buildPhases = (
				ECC822852269C987008222E1 /* Sources */,
				ECC822862269C987008222E1 /* Frameworks */,
				ECC822872269C987008222E1 /* Resources */,
			);
			buildRules = (
			);
			dependencies = (
			);
			name = HealthyLifeStyle;
			productName = HealthyLifeStyle;
			productReference = ECC822892269C987008222E1 /* HealthyLifeStyle.app */;
			productType = "com.apple.product-type.application";
		};
		ECC8229F2269C989008222E1 /* HealthyLifeStyleTests */ = {
			isa = PBXNativeTarget;
			buildConfigurationList = ECC822B72269C989008222E1 /* Build configuration list for PBXNativeTarget "HealthyLifeStyleTests" */;
			buildPhases = (
				ECC8229C2269C989008222E1 /* Sources */,
				ECC8229D2269C989008222E1 /* Frameworks */,
				ECC8229E2269C989008222E1 /* Resources */,
			);
			buildRules = (
			);
			dependencies = (
				ECC822A22269C989008222E1 /* PBXTargetDependency */,
			);
			name = HealthyLifeStyleTests;
			productName = HealthyLifeStyleTests;
			productReference = ECC822A02269C989008222E1 /* HealthyLifeStyleTests.xctest */;
			productType = "com.apple.product-type.bundle.unit-test";
		};
		ECC822AA2269C989008222E1 /* HealthyLifeStyleUITests */ = {
			isa = PBXNativeTarget;
			buildConfigurationList = ECC822BA2269C989008222E1 /* Build configuration list for PBXNativeTarget "HealthyLifeStyleUITests" */;
			buildPhases = (
				ECC822A72269C989008222E1 /* Sources */,
				ECC822A82269C989008222E1 /* Frameworks */,
				ECC822A92269C989008222E1 /* Resources */,
			);
			buildRules = (
			);
			dependencies = (
				ECC822AD2269C989008222E1 /* PBXTargetDependency */,
			);
			name = HealthyLifeStyleUITests;
			productName = HealthyLifeStyleUITests;
			productReference = ECC822AB2269C989008222E1 /* HealthyLifeStyleUITests.xctest */;
			productType = "com.apple.product-type.bundle.ui-testing";
		};
/* End PBXNativeTarget section */

/* Begin PBXProject section */
		ECC822812269C987008222E1 /* Project object */ = {
			isa = PBXProject;
			attributes = {
				LastSwiftUpdateCheck = 1010;
				LastUpgradeCheck = 1010;
				ORGANIZATIONNAME = Anupkumar;
				TargetAttributes = {
					ECC822882269C987008222E1 = {
						CreatedOnToolsVersion = 10.1;
					};
					ECC8229F2269C989008222E1 = {
						CreatedOnToolsVersion = 10.1;
						TestTargetID = ECC822882269C987008222E1;
					};
					ECC822AA2269C989008222E1 = {
						CreatedOnToolsVersion = 10.1;
						TestTargetID = ECC822882269C987008222E1;
					};
				};
			};
			buildConfigurationList = ECC822842269C987008222E1 /* Build configuration list for PBXProject "HealthyLifeStyle" */;
			compatibilityVersion = "Xcode 9.3";
			developmentRegion = en;
			hasScannedForEncodings = 0;
			knownRegions = (
				en,
				Base,
			);
			mainGroup = ECC822802269C987008222E1;
			productRefGroup = ECC8228A2269C987008222E1 /* Products */;
			projectDirPath = "";
			projectRoot = "";
			targets = (
				ECC822882269C987008222E1 /* HealthyLifeStyle */,
				ECC8229F2269C989008222E1 /* HealthyLifeStyleTests */,
				ECC822AA2269C989008222E1 /* HealthyLifeStyleUITests */,
			);
		};
/* End PBXProject section */

/* Begin PBXResourcesBuildPhase section */
		ECC822872269C987008222E1 /* Resources */ = {
			isa = PBXResourcesBuildPhase;
			buildActionMask = 2147483647;
			files = (
				ECC8229A2269C989008222E1 /* LaunchScreen.storyboard in Resources */,
				ECC822972269C989008222E1 /* Assets.xcassets in Resources */,
				ECC822922269C987008222E1 /* Main.storyboard in Resources */,
			);
			runOnlyForDeploymentPostprocessing = 0;
		};
		ECC8229E2269C989008222E1 /* Resources */ = {
			isa = PBXResourcesBuildPhase;
			buildActionMask = 2147483647;
			files = (
			);
			runOnlyForDeploymentPostprocessing = 0;
		};
		ECC822A92269C989008222E1 /* Resources */ = {
			isa = PBXResourcesBuildPhase;
			buildActionMask = 2147483647;
			files = (
			);
			runOnlyForDeploymentPostprocessing = 0;
		};
/* End PBXResourcesBuildPhase section */

/* Begin PBXSourcesBuildPhase section */
		ECC822852269C987008222E1 /* Sources */ = {
			isa = PBXSourcesBuildPhase;
			buildActionMask = 2147483647;
			files = (
				ECC8228F2269C987008222E1 /* ViewController.swift in Sources */,
				ECC822952269C987008222E1 /* HealthyLifeStyle.xcdatamodeld in Sources */,
				ECC8228D2269C987008222E1 /* AppDelegate.swift in Sources */,
			);
			runOnlyForDeploymentPostprocessing = 0;
		};
		ECC8229C2269C989008222E1 /* Sources */ = {
			isa = PBXSourcesBuildPhase;
			buildActionMask = 2147483647;
			files = (
				ECC822A52269C989008222E1 /* HealthyLifeStyleTests.swift in Sources */,
			);
			runOnlyForDeploymentPostprocessing = 0;
		};
		ECC822A72269C989008222E1 /* Sources */ = {
			isa = PBXSourcesBuildPhase;
			buildActionMask = 2147483647;
			files = (
				ECC822B02269C989008222E1 /* HealthyLifeStyleUITests.swift in Sources */,
			);
			runOnlyForDeploymentPostprocessing = 0;
		};
/* End PBXSourcesBuildPhase section */

/* Begin PBXTargetDependency section */
		ECC822A22269C989008222E1 /* PBXTargetDependency */ = {
			isa = PBXTargetDependency;
			target = ECC822882269C987008222E1 /* HealthyLifeStyle */;
			targetProxy = ECC822A12269C989008222E1 /* PBXContainerItemProxy */;
		};
		ECC822AD2269C989008222E1 /* PBXTargetDependency */ = {
			isa = PBXTargetDependency;
			target = ECC822882269C987008222E1 /* HealthyLifeStyle */;
			targetProxy = ECC822AC2269C989008222E1 /* PBXContainerItemProxy */;
		};
/* End PBXTargetDependency section */

/* Begin PBXVariantGroup section */
		ECC822902269C987008222E1 /* Main.storyboard */ = {
			isa = PBXVariantGroup;
			children = (
				ECC822912269C987008222E1 /* Base */,
			);
			name = Main.storyboard;
			sourceTree = "<group>";
		};
		ECC822982269C989008222E1 /* LaunchScreen.storyboard */ = {
			isa = PBXVariantGroup;
			children = (
				ECC822992269C989008222E1 /* Base */,
			);
			name = LaunchScreen.storyboard;
			sourceTree = "<group>";
		};
/* End PBXVariantGroup section */

/* Begin XCBuildConfiguration section */
		ECC822B22269C989008222E1 /* Debug */ = {
			isa = XCBuildConfiguration;
			buildSettings = {
				ALWAYS_SEARCH_USER_PATHS = NO;
				CLANG_ANALYZER_NONNULL = YES;
				CLANG_ANALYZER_NUMBER_OBJECT_CONVERSION = YES_AGGRESSIVE;
				CLANG_CXX_LANGUAGE_STANDARD = "gnu++14";
				CLANG_CXX_LIBRARY = "libc++";
				CLANG_ENABLE_MODULES = YES;
				CLANG_ENABLE_OBJC_ARC = YES;
				CLANG_ENABLE_OBJC_WEAK = YES;
				CLANG_WARN_BLOCK_CAPTURE_AUTORELEASING = YES;
				CLANG_WARN_BOOL_CONVERSION = YES;
				CLANG_WARN_COMMA = YES;
				CLANG_WARN_CONSTANT_CONVERSION = YES;
				CLANG_WARN_DEPRECATED_OBJC_IMPLEMENTATIONS = YES;
				CLANG_WARN_DIRECT_OBJC_ISA_USAGE = YES_ERROR;
				CLANG_WARN_DOCUMENTATION_COMMENTS = YES;
				CLANG_WARN_EMPTY_BODY = YES;
				CLANG_WARN_ENUM_CONVERSION = YES;
				CLANG_WARN_INFINITE_RECURSION = YES;
				CLANG_WARN_INT_CONVERSION = YES;
				CLANG_WARN_NON_LITERAL_NULL_CONVERSION = YES;
				CLANG_WARN_OBJC_IMPLICIT_RETAIN_SELF = YES;
				CLANG_WARN_OBJC_LITERAL_CONVERSION = YES;
				CLANG_WARN_OBJC_ROOT_CLASS = YES_ERROR;
				CLANG_WARN_RANGE_LOOP_ANALYSIS = YES;
				CLANG_WARN_STRICT_PROTOTYPES = YES;
				CLANG_WARN_SUSPICIOUS_MOVE = YES;
				CLANG_WARN_UNGUARDED_AVAILABILITY = YES_AGGRESSIVE;
				CLANG_WARN_UNREACHABLE_CODE = YES;
				CLANG_WARN__DUPLICATE_METHOD_MATCH = YES;
				CODE_SIGN_IDENTITY = "iPhone Developer";
				COPY_PHASE_STRIP = NO;
				DEBUG_INFORMATION_FORMAT = dwarf;
				ENABLE_STRICT_OBJC_MSGSEND = YES;
				ENABLE_TESTABILITY = YES;
				GCC_C_LANGUAGE_STANDARD = gnu11;
				GCC_DYNAMIC_NO_PIC = NO;
				GCC_NO_COMMON_BLOCKS = YES;
				GCC_OPTIMIZATION_LEVEL = 0;
				GCC_PREPROCESSOR_DEFINITIONS = (
					"DEBUG=1",
					"$(inherited)",
				);
				GCC_WARN_64_TO_32_BIT_CONVERSION = YES;
				GCC_WARN_ABOUT_RETURN_TYPE = YES_ERROR;
				GCC_WARN_UNDECLARED_SELECTOR = YES;
				GCC_WARN_UNINITIALIZED_AUTOS = YES_AGGRESSIVE;
				GCC_WARN_UNUSED_FUNCTION = YES;
				GCC_WARN_UNUSED_VARIABLE = YES;
				IPHONEOS_DEPLOYMENT_TARGET = 12.1;
				MTL_ENABLE_DEBUG_INFO = INCLUDE_SOURCE;
				MTL_FAST_MATH = YES;
				ONLY_ACTIVE_ARCH = YES;
				SDKROOT = iphoneos;
				SWIFT_ACTIVE_COMPILATION_CONDITIONS = DEBUG;
				SWIFT_OPTIMIZATION_LEVEL = "-Onone";
			};
			name = Debug;
		};
		ECC822B32269C989008222E1 /* Release */ = {
			isa = XCBuildConfiguration;
			buildSettings = {
				ALWAYS_SEARCH_USER_PATHS = NO;
				CLANG_ANALYZER_NONNULL = YES;
				CLANG_ANALYZER_NUMBER_OBJECT_CONVERSION = YES_AGGRESSIVE;
				CLANG_CXX_LANGUAGE_STANDARD = "gnu++14";
				CLANG_CXX_LIBRARY = "libc++";
				CLANG_ENABLE_MODULES = YES;
				CLANG_ENABLE_OBJC_ARC = YES;
				CLANG_ENABLE_OBJC_WEAK = YES;
				CLANG_WARN_BLOCK_CAPTURE_AUTORELEASING = YES;
				CLANG_WARN_BOOL_CONVERSION = YES;
				CLANG_WARN_COMMA = YES;
				CLANG_WARN_CONSTANT_CONVERSION = YES;
				CLANG_WARN_DEPRECATED_OBJC_IMPLEMENTATIONS = YES;
				CLANG_WARN_DIRECT_OBJC_ISA_USAGE = YES_ERROR;
				CLANG_WARN_DOCUMENTATION_COMMENTS = YES;
				CLANG_WARN_EMPTY_BODY = YES;
				CLANG_WARN_ENUM_CONVERSION = YES;
				CLANG_WARN_INFINITE_RECURSION = YES;
				CLANG_WARN_INT_CONVERSION = YES;
				CLANG_WARN_NON_LITERAL_NULL_CONVERSION = YES;
				CLANG_WARN_OBJC_IMPLICIT_RETAIN_SELF = YES;
				CLANG_WARN_OBJC_LITERAL_CONVERSION = YES;
				CLANG_WARN_OBJC_ROOT_CLASS = YES_ERROR;
				CLANG_WARN_RANGE_LOOP_ANALYSIS = YES;
				CLANG_WARN_STRICT_PROTOTYPES = YES;
				CLANG_WARN_SUSPICIOUS_MOVE = YES;
				CLANG_WARN_UNGUARDED_AVAILABILITY = YES_AGGRESSIVE;
				CLANG_WARN_UNREACHABLE_CODE = YES;
				CLANG_WARN__DUPLICATE_METHOD_MATCH = YES;
				CODE_SIGN_IDENTITY = "iPhone Developer";
				COPY_PHASE_STRIP = NO;
				DEBUG_INFORMATION_FORMAT = "dwarf-with-dsym";
				ENABLE_NS_ASSERTIONS = NO;
				ENABLE_STRICT_OBJC_MSGSEND = YES;
				GCC_C_LANGUAGE_STANDARD = gnu11;
				GCC_NO_COMMON_BLOCKS = YES;
				GCC_WARN_64_TO_32_BIT_CONVERSION = YES;
				GCC_WARN_ABOUT_RETURN_TYPE = YES_ERROR;
				GCC_WARN_UNDECLARED_SELECTOR = YES;
				GCC_WARN_UNINITIALIZED_AUTOS = YES_AGGRESSIVE;
				GCC_WARN_UNUSED_FUNCTION = YES;
				GCC_WARN_UNUSED_VARIABLE = YES;
				IPHONEOS_DEPLOYMENT_TARGET = 12.1;
				MTL_ENABLE_DEBUG_INFO = NO;
				MTL_FAST_MATH = YES;
				SDKROOT = iphoneos;
				SWIFT_COMPILATION_MODE = wholemodule;
				SWIFT_OPTIMIZATION_LEVEL = "-O";
				VALIDATE_PRODUCT = YES;
			};
			name = Release;
		};
		ECC822B52269C989008222E1 /* Debug */ = {
			isa = XCBuildConfiguration;
			buildSettings = {
				ASSETCATALOG_COMPILER_APPICON_NAME = AppIcon;
				CODE_SIGN_STYLE = Automatic;
				DEVELOPMENT_TEAM = 6J6TWBT8CC;
				INFOPLIST_FILE = HealthyLifeStyle/Info.plist;
				LD_RUNPATH_SEARCH_PATHS = (
					"$(inherited)",
					"@executable_path/Frameworks",
				);
				PRODUCT_BUNDLE_IDENTIFIER = com.dev.HealthyLifeStyle;
				PRODUCT_NAME = "$(TARGET_NAME)";
				SWIFT_VERSION = 4.2;
				TARGETED_DEVICE_FAMILY = "1,2";
			};
			name = Debug;
		};
		ECC822B62269C989008222E1 /* Release */ = {
			isa = XCBuildConfiguration;
			buildSettings = {
				ASSETCATALOG_COMPILER_APPICON_NAME = AppIcon;
				CODE_SIGN_STYLE = Automatic;
				DEVELOPMENT_TEAM = 6J6TWBT8CC;
				INFOPLIST_FILE = HealthyLifeStyle/Info.plist;
				LD_RUNPATH_SEARCH_PATHS = (
					"$(inherited)",
					"@executable_path/Frameworks",
				);
				PRODUCT_BUNDLE_IDENTIFIER = com.dev.HealthyLifeStyle;
				PRODUCT_NAME = "$(TARGET_NAME)";
				SWIFT_VERSION = 4.2;
				TARGETED_DEVICE_FAMILY = "1,2";
			};
			name = Release;
		};
		ECC822B82269C989008222E1 /* Debug */ = {
			isa = XCBuildConfiguration;
			buildSettings = {
				ALWAYS_EMBED_SWIFT_STANDARD_LIBRARIES = YES;
				BUNDLE_LOADER = "$(TEST_HOST)";
				CODE_SIGN_STYLE = Automatic;
				DEVELOPMENT_TEAM = 6J6TWBT8CC;
				INFOPLIST_FILE = HealthyLifeStyleTests/Info.plist;
				LD_RUNPATH_SEARCH_PATHS = (
					"$(inherited)",
					"@executable_path/Frameworks",
					"@loader_path/Frameworks",
				);
				PRODUCT_BUNDLE_IDENTIFIER = com.dev.HealthyLifeStyleTests;
				PRODUCT_NAME = "$(TARGET_NAME)";
				SWIFT_VERSION = 4.2;
				TARGETED_DEVICE_FAMILY = "1,2";
				TEST_HOST = "$(BUILT_PRODUCTS_DIR)/HealthyLifeStyle.app/HealthyLifeStyle";
			};
			name = Debug;
		};
		ECC822B92269C989008222E1 /* Release */ = {
			isa = XCBuildConfiguration;
			buildSettings = {
				ALWAYS_EMBED_SWIFT_STANDARD_LIBRARIES = YES;
				BUNDLE_LOADER = "$(TEST_HOST)";
				CODE_SIGN_STYLE = Automatic;
				DEVELOPMENT_TEAM = 6J6TWBT8CC;
				INFOPLIST_FILE = HealthyLifeStyleTests/Info.plist;
				LD_RUNPATH_SEARCH_PATHS = (
					"$(inherited)",
					"@executable_path/Frameworks",
					"@loader_path/Frameworks",
				);
				PRODUCT_BUNDLE_IDENTIFIER = com.dev.HealthyLifeStyleTests;
				PRODUCT_NAME = "$(TARGET_NAME)";
				SWIFT_VERSION = 4.2;
				TARGETED_DEVICE_FAMILY = "1,2";
				TEST_HOST = "$(BUILT_PRODUCTS_DIR)/HealthyLifeStyle.app/HealthyLifeStyle";
			};
			name = Release;
		};
		ECC822BB2269C989008222E1 /* Debug */ = {
			isa = XCBuildConfiguration;
			buildSettings = {
				ALWAYS_EMBED_SWIFT_STANDARD_LIBRARIES = YES;
				CODE_SIGN_STYLE = Automatic;
				DEVELOPMENT_TEAM = 6J6TWBT8CC;
				INFOPLIST_FILE = HealthyLifeStyleUITests/Info.plist;
				LD_RUNPATH_SEARCH_PATHS = (
					"$(inherited)",
					"@executable_path/Frameworks",
					"@loader_path/Frameworks",
				);
				PRODUCT_BUNDLE_IDENTIFIER = com.dev.HealthyLifeStyleUITests;
				PRODUCT_NAME = "$(TARGET_NAME)";
				SWIFT_VERSION = 4.2;
				TARGETED_DEVICE_FAMILY = "1,2";
				TEST_TARGET_NAME = HealthyLifeStyle;
			};
			name = Debug;
		};
		ECC822BC2269C989008222E1 /* Release */ = {
			isa = XCBuildConfiguration;
			buildSettings = {
				ALWAYS_EMBED_SWIFT_STANDARD_LIBRARIES = YES;
				CODE_SIGN_STYLE = Automatic;
				DEVELOPMENT_TEAM = 6J6TWBT8CC;
				INFOPLIST_FILE = HealthyLifeStyleUITests/Info.plist;
				LD_RUNPATH_SEARCH_PATHS = (
					"$(inherited)",
					"@executable_path/Frameworks",
					"@loader_path/Frameworks",
				);
				PRODUCT_BUNDLE_IDENTIFIER = com.dev.HealthyLifeStyleUITests;
				PRODUCT_NAME = "$(TARGET_NAME)";
				SWIFT_VERSION = 4.2;
				TARGETED_DEVICE_FAMILY = "1,2";
				TEST_TARGET_NAME = HealthyLifeStyle;
			};
			name = Release;
		};
/* End XCBuildConfiguration section */

/* Begin XCConfigurationList section */
		ECC822842269C987008222E1 /* Build configuration list for PBXProject "HealthyLifeStyle" */ = {
			isa = XCConfigurationList;
			buildConfigurations = (
				ECC822B22269C989008222E1 /* Debug */,
				ECC822B32269C989008222E1 /* Release */,
			);
			defaultConfigurationIsVisible = 0;
			defaultConfigurationName = Release;
		};
		ECC822B42269C989008222E1 /* Build configuration list for PBXNativeTarget "HealthyLifeStyle" */ = {
			isa = XCConfigurationList;
			buildConfigurations = (
				ECC822B52269C989008222E1 /* Debug */,
				ECC822B62269C989008222E1 /* Release */,
			);
			defaultConfigurationIsVisible = 0;
			defaultConfigurationName = Release;
		};
		ECC822B72269C989008222E1 /* Build configuration list for PBXNativeTarget "HealthyLifeStyleTests" */ = {
			isa = XCConfigurationList;
			buildConfigurations = (
				ECC822B82269C989008222E1 /* Debug */,
				ECC822B92269C989008222E1 /* Release */,
			);
			defaultConfigurationIsVisible = 0;
			defaultConfigurationName = Release;
		};
		ECC822BA2269C989008222E1 /* Build configuration list for PBXNativeTarget "HealthyLifeStyleUITests" */ = {
			isa = XCConfigurationList;
			buildConfigurations = (
				ECC822BB2269C989008222E1 /* Debug */,
				ECC822BC2269C989008222E1 /* Release */,
			);
			defaultConfigurationIsVisible = 0;
			defaultConfigurationName = Release;
		};
/* End XCConfigurationList section */

/* Begin XCVersionGroup section */
		ECC822932269C987008222E1 /* HealthyLifeStyle.xcdatamodeld */ = {
			isa = XCVersionGroup;
			children = (
				ECC822942269C987008222E1 /* HealthyLifeStyle.xcdatamodel */,
			);
			currentVersion = ECC822942269C987008222E1 /* HealthyLifeStyle.xcdatamodel */;
			path = HealthyLifeStyle.xcdatamodeld;
			sourceTree = "<group>";
			versionGroupType = wrapper.xcdatamodel;
		};
/* End XCVersionGroup section */
	};
	rootObject = ECC822812269C987008222E1 /* Project object */;
}
